
Microsoft Visual Studio Solution File, Format Version 12.00
# Visual Studio Version 17
VisualStudioVersion = 17.1.32319.34
MinimumVisualStudioVersion = 10.0.40219.1
Project("{2150E333-8FDC-42A3-9474-1A3956D46DE8}") = "1.PacketAPI", "1.PacketAPI", "{86DCCC4B-D663-4F21-B7C1-0D7DB71E8F3D}"
EndProject
Project("{2150E333-8FDC-42A3-9474-1A3956D46DE8}") = "Y.Portal", "Y.Portal", "{98587409-0D88-4F22-A21F-A70EA492ABA8}"
EndProject
Project("{2150E333-8FDC-42A3-9474-1A3956D46DE8}") = "Y.Infrastructure", "Y.Infrastructure", "{8CFD1434-2B38-4ACB-8B35-F2111E02F9A4}"
EndProject
Project("{9A19103F-16F7-4668-BE54-9A1E7A4F7556}") = "Y.Infrastructure.Cache", "Y.Infrastructure\Y.Infrastructure.Cache\Y.Infrastructure.Cache.csproj", "{CB959E9A-ADED-48FE-B82A-4BA63345F31D}"
EndProject
Project("{9A19103F-16F7-4668-BE54-9A1E7A4F7556}") = "Y.Infrastructure.ICache", "Y.Infrastructure\Y.Infrastructure.ICache\Y.Infrastructure.ICache.csproj", "{3BA5BD81-D7AC-4515-9DBB-316DDE20D207}"
EndProject
Project("{9A19103F-16F7-4668-BE54-9A1E7A4F7556}") = "Y.Infrastructure.Application", "Y.Infrastructure\Y.Infrastructure.Application\Y.Infrastructure.Application.csproj", "{71E4298A-E076-47A4-88D3-D5C5689DBE36}"
EndProject
Project("{9A19103F-16F7-4668-BE54-9A1E7A4F7556}") = "Y.Infrastructure.IApplication", "Y.Infrastructure\Y.Infrastructure.IApplication\Y.Infrastructure.IApplication.csproj", "{3B08ED06-D2AF-4EA1-A9E7-C21F1A6BCAD9}"
EndProject
Project("{9A19103F-16F7-4668-BE54-9A1E7A4F7556}") = "Y.Infrastructure.YTasks", "Y.Infrastructure\Y.Infrastructure.YTasks\Y.Infrastructure.YTasks.csproj", "{B63F8E92-263C-4391-AE48-D28DCE09F64C}"
EndProject
Project("{2150E333-8FDC-42A3-9474-1A3956D46DE8}") = "Application", "Application", "{156D9AD0-97E9-467E-B8DB-D1AFFB62C2A7}"
EndProject
Project("{2150E333-8FDC-42A3-9474-1A3956D46DE8}") = "Tasks", "Tasks", "{AC06157B-6866-44B2-BEBF-E5E603C795C3}"
EndProject
Project("{2150E333-8FDC-42A3-9474-1A3956D46DE8}") = "Cache", "Cache", "{C4E68C32-6909-476D-86C1-57675D531621}"
EndProject
Project("{9A19103F-16F7-4668-BE54-9A1E7A4F7556}") = "Y.Infrastructure.YCache", "Y.Infrastructure\Y.Infrastructure.YCache\Y.Infrastructure.YCache.csproj", "{B5FC2C81-9C9E-4F50-9DAB-36246481837F}"
EndProject
Project("{9A19103F-16F7-4668-BE54-9A1E7A4F7556}") = "Y.Infrastructure.YCache.Test", "Y.Infrastructure\Y.Infrastructure.YCache.Test\Y.Infrastructure.YCache.Test.csproj", "{29887B85-90E7-45C0-B773-B2EFD100A8AA}"
EndProject
Project("{9A19103F-16F7-4668-BE54-9A1E7A4F7556}") = "Y.Infrastructure.Entities", "Y.Infrastructure\Y.Infrastructure.Entities\Y.Infrastructure.Entities.csproj", "{2A3E7133-B202-4955-BFC3-F38B4E9E28A5}"
EndProject
Project("{9A19103F-16F7-4668-BE54-9A1E7A4F7556}") = "Y.Infrastructure.Library", "Y.Infrastructure\Y.Infrastructure.Library\Y.Infrastructure.Library.csproj", "{F30B8EC7-47BF-4D3A-998E-409DB019B29D}"
EndProject
Project("{9A19103F-16F7-4668-BE54-9A1E7A4F7556}") = "Y.Portal.Apis", "Y.Portal\Y.Portal.Apis\Y.Portal.Apis.csproj", "{5FAC9D25-E4EC-469B-93E6-709B7F8AE74B}"
EndProject
Project("{9A19103F-16F7-4668-BE54-9A1E7A4F7556}") = "Y.Portal.Apis.Controllers", "Y.Portal\Y.Portal.Apis.Controllers\Y.Portal.Apis.Controllers.csproj", "{85C9E931-1AB7-456F-836E-FED2D6BC2BE1}"
EndProject
Project("{9A19103F-16F7-4668-BE54-9A1E7A4F7556}") = "Y.Packet.Repositories", "Y.Repositories\Y.Packet.Repositories\Y.Packet.Repositories.csproj", "{CB5CB27E-9203-4C47-93D7-ED7CE4104D4C}"
EndProject
Project("{9A19103F-16F7-4668-BE54-9A1E7A4F7556}") = "Y.Packet.Services", "Y.Services\Y.Packet.Services\Y.Packet.Services.csproj", "{2FEDF51C-1305-4193-A885-AF71D5DCEB1A}"
EndProject
Project("{9A19103F-16F7-4668-BE54-9A1E7A4F7556}") = "Y.Packet.Entities", "Y.Entities\Y.Packet.Entities\Y.Packet.Entities.csproj", "{5A89FF27-0454-4790-8BC2-17BA04351139}"
EndProject
Project("{2150E333-8FDC-42A3-9474-1A3956D46DE8}") = "Y.Services", "Y.Services", "{1442E525-C2FB-4FC4-A6EF-B0529D89165D}"
EndProject
Project("{FAE04EC0-301F-11D3-BF4B-00C04F79EFBC}") = "Y.Infrastructure.Library.Core", "Y.Infrastructure\Y.Infrastructure.Library.Core\Y.Infrastructure.Library.Core.csproj", "{0DBAED45-94E0-4340-A1A2-3B65FA67BE3C}"
EndProject
Global
	GlobalSection(SolutionConfigurationPlatforms) = preSolution
		Debug|Any CPU = Debug|Any CPU
		Release|Any CPU = Release|Any CPU
	EndGlobalSection
	GlobalSection(ProjectConfigurationPlatforms) = postSolution
		{CB959E9A-ADED-48FE-B82A-4BA63345F31D}.Debug|Any CPU.ActiveCfg = Debug|Any CPU
		{CB959E9A-ADED-48FE-B82A-4BA63345F31D}.Debug|Any CPU.Build.0 = Debug|Any CPU
		{CB959E9A-ADED-48FE-B82A-4BA63345F31D}.Release|Any CPU.ActiveCfg = Release|Any CPU
		{CB959E9A-ADED-48FE-B82A-4BA63345F31D}.Release|Any CPU.Build.0 = Release|Any CPU
		{3BA5BD81-D7AC-4515-9DBB-316DDE20D207}.Debug|Any CPU.ActiveCfg = Debug|Any CPU
		{3BA5BD81-D7AC-4515-9DBB-316DDE20D207}.Debug|Any CPU.Build.0 = Debug|Any CPU
		{3BA5BD81-D7AC-4515-9DBB-316DDE20D207}.Release|Any CPU.ActiveCfg = Release|Any CPU
		{3BA5BD81-D7AC-4515-9DBB-316DDE20D207}.Release|Any CPU.Build.0 = Release|Any CPU
		{71E4298A-E076-47A4-88D3-D5C5689DBE36}.Debug|Any CPU.ActiveCfg = Debug|Any CPU
		{71E4298A-E076-47A4-88D3-D5C5689DBE36}.Debug|Any CPU.Build.0 = Debug|Any CPU
		{71E4298A-E076-47A4-88D3-D5C5689DBE36}.Release|Any CPU.ActiveCfg = Release|Any CPU
		{71E4298A-E076-47A4-88D3-D5C5689DBE36}.Release|Any CPU.Build.0 = Release|Any CPU
		{3B08ED06-D2AF-4EA1-A9E7-C21F1A6BCAD9}.Debug|Any CPU.ActiveCfg = Debug|Any CPU
		{3B08ED06-D2AF-4EA1-A9E7-C21F1A6BCAD9}.Debug|Any CPU.Build.0 = Debug|Any CPU
		{3B08ED06-D2AF-4EA1-A9E7-C21F1A6BCAD9}.Release|Any CPU.ActiveCfg = Release|Any CPU
		{3B08ED06-D2AF-4EA1-A9E7-C21F1A6BCAD9}.Release|Any CPU.Build.0 = Release|Any CPU
		{B63F8E92-263C-4391-AE48-D28DCE09F64C}.Debug|Any CPU.ActiveCfg = Debug|Any CPU
		{B63F8E92-263C-4391-AE48-D28DCE09F64C}.Debug|Any CPU.Build.0 = Debug|Any CPU
		{B63F8E92-263C-4391-AE48-D28DCE09F64C}.Release|Any CPU.ActiveCfg = Release|Any CPU
		{B63F8E92-263C-4391-AE48-D28DCE09F64C}.Release|Any CPU.Build.0 = Release|Any CPU
		{B5FC2C81-9C9E-4F50-9DAB-36246481837F}.Debug|Any CPU.ActiveCfg = Debug|Any CPU
		{B5FC2C81-9C9E-4F50-9DAB-36246481837F}.Debug|Any CPU.Build.0 = Debug|Any CPU
		{B5FC2C81-9C9E-4F50-9DAB-36246481837F}.Release|Any CPU.ActiveCfg = Release|Any CPU
		{B5FC2C81-9C9E-4F50-9DAB-36246481837F}.Release|Any CPU.Build.0 = Release|Any CPU
		{29887B85-90E7-45C0-B773-B2EFD100A8AA}.Debug|Any CPU.ActiveCfg = Debug|Any CPU
		{29887B85-90E7-45C0-B773-B2EFD100A8AA}.Debug|Any CPU.Build.0 = Debug|Any CPU
		{29887B85-90E7-45C0-B773-B2EFD100A8AA}.Release|Any CPU.ActiveCfg = Release|Any CPU
		{29887B85-90E7-45C0-B773-B2EFD100A8AA}.Release|Any CPU.Build.0 = Release|Any CPU
		{2A3E7133-B202-4955-BFC3-F38B4E9E28A5}.Debug|Any CPU.ActiveCfg = Debug|Any CPU
		{2A3E7133-B202-4955-BFC3-F38B4E9E28A5}.Debug|Any CPU.Build.0 = Debug|Any CPU
		{2A3E7133-B202-4955-BFC3-F38B4E9E28A5}.Release|Any CPU.ActiveCfg = Release|Any CPU
		{2A3E7133-B202-4955-BFC3-F38B4E9E28A5}.Release|Any CPU.Build.0 = Release|Any CPU
		{F30B8EC7-47BF-4D3A-998E-409DB019B29D}.Debug|Any CPU.ActiveCfg = Debug|Any CPU
		{F30B8EC7-47BF-4D3A-998E-409DB019B29D}.Debug|Any CPU.Build.0 = Debug|Any CPU
		{F30B8EC7-47BF-4D3A-998E-409DB019B29D}.Release|Any CPU.ActiveCfg = Release|Any CPU
		{F30B8EC7-47BF-4D3A-998E-409DB019B29D}.Release|Any CPU.Build.0 = Release|Any CPU
		{5FAC9D25-E4EC-469B-93E6-709B7F8AE74B}.Debug|Any CPU.ActiveCfg = Debug|Any CPU
		{5FAC9D25-E4EC-469B-93E6-709B7F8AE74B}.Debug|Any CPU.Build.0 = Debug|Any CPU
		{5FAC9D25-E4EC-469B-93E6-709B7F8AE74B}.Release|Any CPU.ActiveCfg = Release|Any CPU
		{5FAC9D25-E4EC-469B-93E6-709B7F8AE74B}.Release|Any CPU.Build.0 = Release|Any CPU
		{85C9E931-1AB7-456F-836E-FED2D6BC2BE1}.Debug|Any CPU.ActiveCfg = Debug|Any CPU
		{85C9E931-1AB7-456F-836E-FED2D6BC2BE1}.Debug|Any CPU.Build.0 = Debug|Any CPU
		{85C9E931-1AB7-456F-836E-FED2D6BC2BE1}.Release|Any CPU.ActiveCfg = Release|Any CPU
		{85C9E931-1AB7-456F-836E-FED2D6BC2BE1}.Release|Any CPU.Build.0 = Release|Any CPU
		{CB5CB27E-9203-4C47-93D7-ED7CE4104D4C}.Debug|Any CPU.ActiveCfg = Debug|Any CPU
		{CB5CB27E-9203-4C47-93D7-ED7CE4104D4C}.Debug|Any CPU.Build.0 = Debug|Any CPU
		{CB5CB27E-9203-4C47-93D7-ED7CE4104D4C}.Release|Any CPU.ActiveCfg = Release|Any CPU
		{CB5CB27E-9203-4C47-93D7-ED7CE4104D4C}.Release|Any CPU.Build.0 = Release|Any CPU
		{2FEDF51C-1305-4193-A885-AF71D5DCEB1A}.Debug|Any CPU.ActiveCfg = Debug|Any CPU
		{2FEDF51C-1305-4193-A885-AF71D5DCEB1A}.Debug|Any CPU.Build.0 = Debug|Any CPU
		{2FEDF51C-1305-4193-A885-AF71D5DCEB1A}.Release|Any CPU.ActiveCfg = Release|Any CPU
		{2FEDF51C-1305-4193-A885-AF71D5DCEB1A}.Release|Any CPU.Build.0 = Release|Any CPU
		{5A89FF27-0454-4790-8BC2-17BA04351139}.Debug|Any CPU.ActiveCfg = Debug|Any CPU
		{5A89FF27-0454-4790-8BC2-17BA04351139}.Debug|Any CPU.Build.0 = Debug|Any CPU
		{5A89FF27-0454-4790-8BC2-17BA04351139}.Release|Any CPU.ActiveCfg = Release|Any CPU
		{5A89FF27-0454-4790-8BC2-17BA04351139}.Release|Any CPU.Build.0 = Release|Any CPU
		{0DBAED45-94E0-4340-A1A2-3B65FA67BE3C}.Debug|Any CPU.ActiveCfg = Debug|Any CPU
		{0DBAED45-94E0-4340-A1A2-3B65FA67BE3C}.Debug|Any CPU.Build.0 = Debug|Any CPU
		{0DBAED45-94E0-4340-A1A2-3B65FA67BE3C}.Release|Any CPU.ActiveCfg = Release|Any CPU
		{0DBAED45-94E0-4340-A1A2-3B65FA67BE3C}.Release|Any CPU.Build.0 = Release|Any CPU
	EndGlobalSection
	GlobalSection(SolutionProperties) = preSolution
		HideSolutionNode = FALSE
	EndGlobalSection
	GlobalSection(NestedProjects) = preSolution
		{98587409-0D88-4F22-A21F-A70EA492ABA8} = {86DCCC4B-D663-4F21-B7C1-0D7DB71E8F3D}
		{8CFD1434-2B38-4ACB-8B35-F2111E02F9A4} = {86DCCC4B-D663-4F21-B7C1-0D7DB71E8F3D}
		{CB959E9A-ADED-48FE-B82A-4BA63345F31D} = {C4E68C32-6909-476D-86C1-57675D531621}
		{3BA5BD81-D7AC-4515-9DBB-316DDE20D207} = {C4E68C32-6909-476D-86C1-57675D531621}
		{71E4298A-E076-47A4-88D3-D5C5689DBE36} = {156D9AD0-97E9-467E-B8DB-D1AFFB62C2A7}
		{3B08ED06-D2AF-4EA1-A9E7-C21F1A6BCAD9} = {156D9AD0-97E9-467E-B8DB-D1AFFB62C2A7}
		{B63F8E92-263C-4391-AE48-D28DCE09F64C} = {AC06157B-6866-44B2-BEBF-E5E603C795C3}
		{156D9AD0-97E9-467E-B8DB-D1AFFB62C2A7} = {8CFD1434-2B38-4ACB-8B35-F2111E02F9A4}
		{AC06157B-6866-44B2-BEBF-E5E603C795C3} = {8CFD1434-2B38-4ACB-8B35-F2111E02F9A4}
		{C4E68C32-6909-476D-86C1-57675D531621} = {8CFD1434-2B38-4ACB-8B35-F2111E02F9A4}
		{B5FC2C81-9C9E-4F50-9DAB-36246481837F} = {C4E68C32-6909-476D-86C1-57675D531621}
		{29887B85-90E7-45C0-B773-B2EFD100A8AA} = {C4E68C32-6909-476D-86C1-57675D531621}
		{2A3E7133-B202-4955-BFC3-F38B4E9E28A5} = {8CFD1434-2B38-4ACB-8B35-F2111E02F9A4}
		{F30B8EC7-47BF-4D3A-998E-409DB019B29D} = {8CFD1434-2B38-4ACB-8B35-F2111E02F9A4}
		{5FAC9D25-E4EC-469B-93E6-709B7F8AE74B} = {98587409-0D88-4F22-A21F-A70EA492ABA8}
		{85C9E931-1AB7-456F-836E-FED2D6BC2BE1} = {98587409-0D88-4F22-A21F-A70EA492ABA8}
		{CB5CB27E-9203-4C47-93D7-ED7CE4104D4C} = {1442E525-C2FB-4FC4-A6EF-B0529D89165D}
		{2FEDF51C-1305-4193-A885-AF71D5DCEB1A} = {1442E525-C2FB-4FC4-A6EF-B0529D89165D}
		{5A89FF27-0454-4790-8BC2-17BA04351139} = {1442E525-C2FB-4FC4-A6EF-B0529D89165D}
		{1442E525-C2FB-4FC4-A6EF-B0529D89165D} = {86DCCC4B-D663-4F21-B7C1-0D7DB71E8F3D}
		{0DBAED45-94E0-4340-A1A2-3B65FA67BE3C} = {8CFD1434-2B38-4ACB-8B35-F2111E02F9A4}
	EndGlobalSection
	GlobalSection(ExtensibilityGlobals) = postSolution
		SolutionGuid = {F40A8F2A-7C1D-4217-9089-ADE473EF13C0}
	EndGlobalSection
EndGlobal
